
Microsoft Visual Studio Solution File, Format Version 12.00
Project("{FAE04EC0-301F-11D3-BF4B-00C04F79EFBC}") = "API", "API\API.csproj", "{016861E5-364E-4E8E-B67E-A8BA7B5D37E3}"
EndProject
Project("{2150E333-8FDC-42A3-9474-1A3956D46DE8}") = "Solution Items", "Solution Items", "{A8E5626E-D188-4BDC-93B4-7F8B423C1A75}"
	ProjectSection(SolutionItems) = preProject
		docker-compose.yml = docker-compose.yml
	EndProjectSection
EndProject
Project("{2150E333-8FDC-42A3-9474-1A3956D46DE8}") = "Services", "Services", "{FA0BB102-8B7E-46C5-BDCC-4A479B02A314}"
EndProject
Project("{2150E333-8FDC-42A3-9474-1A3956D46DE8}") = "Shared", "Shared", "{5AEACDEC-BD6B-4EE3-8B7E-417BE4712CAB}"
EndProject
Project("{FAE04EC0-301F-11D3-BF4B-00C04F79EFBC}") = "Shared.Database", "Shared.Database\Shared.Database.csproj", "{78FE8408-9287-41A8-800B-050DEDAA4C3A}"
EndProject
Project("{FAE04EC0-301F-11D3-BF4B-00C04F79EFBC}") = "Services.Docker", "Services.Docker\Services.Docker.csproj", "{DB145F40-4DDF-4531-96A9-E7AA8A3A2223}"
EndProject
Project("{FAE04EC0-301F-11D3-BF4B-00C04F79EFBC}") = "Services.Logging", "Services.Logging\Services.Logging.csproj", "{E6805E2B-279D-4E4E-8898-CFDA2E16CF01}"
EndProject
Project("{FAE04EC0-301F-11D3-BF4B-00C04F79EFBC}") = "Services.Administration", "Services.Administration\Services.Administration.csproj", "{E3338955-00FA-4DEE-A0CE-7D7155373F4E}"
EndProject
Project("{FAE04EC0-301F-11D3-BF4B-00C04F79EFBC}") = "Services.Auth", "Services.Auth\Services.Auth.csproj", "{9E874C8A-10B0-42EF-A75B-9C2AE7CD8F34}"
EndProject
Project("{FAE04EC0-301F-11D3-BF4B-00C04F79EFBC}") = "Shared.Utils", "Shared.Utils\Shared.Utils.csproj", "{D0A789CF-E14F-4431-85A0-E7405046D8F5}"
EndProject
Project("{2150E333-8FDC-42A3-9474-1A3956D46DE8}") = "Auth", "Auth", "{7BA2C7E6-20B0-4C1F-AC6E-F593DCFCDE18}"
EndProject
Project("{FAE04EC0-301F-11D3-BF4B-00C04F79EFBC}") = "Services.Auth.Shared", "Services.Auth.Shared\Services.Auth.Shared.csproj", "{AEBF7C0D-C44C-4757-A6B6-50D184D932F6}"
EndProject
Project("{FAE04EC0-301F-11D3-BF4B-00C04F79EFBC}") = "Services.Auth.Database", "Services.Auth.Database\Services.Auth.Database.csproj", "{A4B7A052-903A-4281-A3C5-D81FF89F43A7}"
EndProject
Project("{2150E333-8FDC-42A3-9474-1A3956D46DE8}") = "Administration", "Administration", "{04FD3860-BC51-4D49-AC68-B92DD9C950C8}"
EndProject
Project("{2150E333-8FDC-42A3-9474-1A3956D46DE8}") = "Logging", "Logging", "{DA74ADDF-86E0-4DE5-9E8C-D6AB2E46D66C}"
EndProject
Project("{2150E333-8FDC-42A3-9474-1A3956D46DE8}") = "Docker", "Docker", "{EC0C45F3-C462-44A1-8997-A44E95F29891}"
EndProject
Project("{FAE04EC0-301F-11D3-BF4B-00C04F79EFBC}") = "Services.Docker.Shared", "Services.Docker.Shared\Services.Docker.Shared.csproj", "{16829861-56CA-4747-9FEA-9EE2F7756785}"
EndProject
Project("{FAE04EC0-301F-11D3-BF4B-00C04F79EFBC}") = "Services.Docker.Database", "Services.Docker.Database\Services.Docker.Database.csproj", "{A4EB4017-5E33-47D2-993D-4295D0D65B0E}"
EndProject
Project("{FAE04EC0-301F-11D3-BF4B-00C04F79EFBC}") = "API.Shared", "API.Shared\API.Shared.csproj", "{A49FA3AB-7D79-40A9-8E58-39E99F2FADA0}"
EndProject
Global
	GlobalSection(SolutionConfigurationPlatforms) = preSolution
		Debug|Any CPU = Debug|Any CPU
		Release|Any CPU = Release|Any CPU
	EndGlobalSection
	GlobalSection(ProjectConfigurationPlatforms) = postSolution
		{016861E5-364E-4E8E-B67E-A8BA7B5D37E3}.Debug|Any CPU.ActiveCfg = Debug|Any CPU
		{016861E5-364E-4E8E-B67E-A8BA7B5D37E3}.Debug|Any CPU.Build.0 = Debug|Any CPU
		{016861E5-364E-4E8E-B67E-A8BA7B5D37E3}.Release|Any CPU.ActiveCfg = Release|Any CPU
		{016861E5-364E-4E8E-B67E-A8BA7B5D37E3}.Release|Any CPU.Build.0 = Release|Any CPU
		{78FE8408-9287-41A8-800B-050DEDAA4C3A}.Debug|Any CPU.ActiveCfg = Debug|Any CPU
		{78FE8408-9287-41A8-800B-050DEDAA4C3A}.Debug|Any CPU.Build.0 = Debug|Any CPU
		{78FE8408-9287-41A8-800B-050DEDAA4C3A}.Release|Any CPU.ActiveCfg = Release|Any CPU
		{78FE8408-9287-41A8-800B-050DEDAA4C3A}.Release|Any CPU.Build.0 = Release|Any CPU
		{DB145F40-4DDF-4531-96A9-E7AA8A3A2223}.Debug|Any CPU.ActiveCfg = Debug|Any CPU
		{DB145F40-4DDF-4531-96A9-E7AA8A3A2223}.Debug|Any CPU.Build.0 = Debug|Any CPU
		{DB145F40-4DDF-4531-96A9-E7AA8A3A2223}.Release|Any CPU.ActiveCfg = Release|Any CPU
		{DB145F40-4DDF-4531-96A9-E7AA8A3A2223}.Release|Any CPU.Build.0 = Release|Any CPU
		{E6805E2B-279D-4E4E-8898-CFDA2E16CF01}.Debug|Any CPU.ActiveCfg = Debug|Any CPU
		{E6805E2B-279D-4E4E-8898-CFDA2E16CF01}.Debug|Any CPU.Build.0 = Debug|Any CPU
		{E6805E2B-279D-4E4E-8898-CFDA2E16CF01}.Release|Any CPU.ActiveCfg = Release|Any CPU
		{E6805E2B-279D-4E4E-8898-CFDA2E16CF01}.Release|Any CPU.Build.0 = Release|Any CPU
		{E3338955-00FA-4DEE-A0CE-7D7155373F4E}.Debug|Any CPU.ActiveCfg = Debug|Any CPU
		{E3338955-00FA-4DEE-A0CE-7D7155373F4E}.Debug|Any CPU.Build.0 = Debug|Any CPU
		{E3338955-00FA-4DEE-A0CE-7D7155373F4E}.Release|Any CPU.ActiveCfg = Release|Any CPU
		{E3338955-00FA-4DEE-A0CE-7D7155373F4E}.Release|Any CPU.Build.0 = Release|Any CPU
		{9E874C8A-10B0-42EF-A75B-9C2AE7CD8F34}.Debug|Any CPU.ActiveCfg = Debug|Any CPU
		{9E874C8A-10B0-42EF-A75B-9C2AE7CD8F34}.Debug|Any CPU.Build.0 = Debug|Any CPU
		{9E874C8A-10B0-42EF-A75B-9C2AE7CD8F34}.Release|Any CPU.ActiveCfg = Release|Any CPU
		{9E874C8A-10B0-42EF-A75B-9C2AE7CD8F34}.Release|Any CPU.Build.0 = Release|Any CPU
		{D0A789CF-E14F-4431-85A0-E7405046D8F5}.Debug|Any CPU.ActiveCfg = Debug|Any CPU
		{D0A789CF-E14F-4431-85A0-E7405046D8F5}.Debug|Any CPU.Build.0 = Debug|Any CPU
		{D0A789CF-E14F-4431-85A0-E7405046D8F5}.Release|Any CPU.ActiveCfg = Release|Any CPU
		{D0A789CF-E14F-4431-85A0-E7405046D8F5}.Release|Any CPU.Build.0 = Release|Any CPU
		{AEBF7C0D-C44C-4757-A6B6-50D184D932F6}.Debug|Any CPU.ActiveCfg = Debug|Any CPU
		{AEBF7C0D-C44C-4757-A6B6-50D184D932F6}.Debug|Any CPU.Build.0 = Debug|Any CPU
		{AEBF7C0D-C44C-4757-A6B6-50D184D932F6}.Release|Any CPU.ActiveCfg = Release|Any CPU
		{AEBF7C0D-C44C-4757-A6B6-50D184D932F6}.Release|Any CPU.Build.0 = Release|Any CPU
		{A4B7A052-903A-4281-A3C5-D81FF89F43A7}.Debug|Any CPU.ActiveCfg = Debug|Any CPU
		{A4B7A052-903A-4281-A3C5-D81FF89F43A7}.Debug|Any CPU.Build.0 = Debug|Any CPU
		{A4B7A052-903A-4281-A3C5-D81FF89F43A7}.Release|Any CPU.ActiveCfg = Release|Any CPU
		{A4B7A052-903A-4281-A3C5-D81FF89F43A7}.Release|Any CPU.Build.0 = Release|Any CPU
		{16829861-56CA-4747-9FEA-9EE2F7756785}.Debug|Any CPU.ActiveCfg = Debug|Any CPU
		{16829861-56CA-4747-9FEA-9EE2F7756785}.Debug|Any CPU.Build.0 = Debug|Any CPU
		{16829861-56CA-4747-9FEA-9EE2F7756785}.Release|Any CPU.ActiveCfg = Release|Any CPU
		{16829861-56CA-4747-9FEA-9EE2F7756785}.Release|Any CPU.Build.0 = Release|Any CPU
		{A4EB4017-5E33-47D2-993D-4295D0D65B0E}.Debug|Any CPU.ActiveCfg = Debug|Any CPU
		{A4EB4017-5E33-47D2-993D-4295D0D65B0E}.Debug|Any CPU.Build.0 = Debug|Any CPU
		{A4EB4017-5E33-47D2-993D-4295D0D65B0E}.Release|Any CPU.ActiveCfg = Release|Any CPU
		{A4EB4017-5E33-47D2-993D-4295D0D65B0E}.Release|Any CPU.Build.0 = Release|Any CPU
		{A49FA3AB-7D79-40A9-8E58-39E99F2FADA0}.Debug|Any CPU.ActiveCfg = Debug|Any CPU
		{A49FA3AB-7D79-40A9-8E58-39E99F2FADA0}.Debug|Any CPU.Build.0 = Debug|Any CPU
		{A49FA3AB-7D79-40A9-8E58-39E99F2FADA0}.Release|Any CPU.ActiveCfg = Release|Any CPU
		{A49FA3AB-7D79-40A9-8E58-39E99F2FADA0}.Release|Any CPU.Build.0 = Release|Any CPU
	EndGlobalSection
	GlobalSection(NestedProjects) = preSolution
		{78FE8408-9287-41A8-800B-050DEDAA4C3A} = {5AEACDEC-BD6B-4EE3-8B7E-417BE4712CAB}
		{D0A789CF-E14F-4431-85A0-E7405046D8F5} = {5AEACDEC-BD6B-4EE3-8B7E-417BE4712CAB}
		{7BA2C7E6-20B0-4C1F-AC6E-F593DCFCDE18} = {FA0BB102-8B7E-46C5-BDCC-4A479B02A314}
		{9E874C8A-10B0-42EF-A75B-9C2AE7CD8F34} = {7BA2C7E6-20B0-4C1F-AC6E-F593DCFCDE18}
		{AEBF7C0D-C44C-4757-A6B6-50D184D932F6} = {7BA2C7E6-20B0-4C1F-AC6E-F593DCFCDE18}
		{A4B7A052-903A-4281-A3C5-D81FF89F43A7} = {7BA2C7E6-20B0-4C1F-AC6E-F593DCFCDE18}
		{04FD3860-BC51-4D49-AC68-B92DD9C950C8} = {FA0BB102-8B7E-46C5-BDCC-4A479B02A314}
		{DA74ADDF-86E0-4DE5-9E8C-D6AB2E46D66C} = {FA0BB102-8B7E-46C5-BDCC-4A479B02A314}
		{EC0C45F3-C462-44A1-8997-A44E95F29891} = {FA0BB102-8B7E-46C5-BDCC-4A479B02A314}
		{DB145F40-4DDF-4531-96A9-E7AA8A3A2223} = {EC0C45F3-C462-44A1-8997-A44E95F29891}
		{E3338955-00FA-4DEE-A0CE-7D7155373F4E} = {04FD3860-BC51-4D49-AC68-B92DD9C950C8}
		{E6805E2B-279D-4E4E-8898-CFDA2E16CF01} = {DA74ADDF-86E0-4DE5-9E8C-D6AB2E46D66C}
		{16829861-56CA-4747-9FEA-9EE2F7756785} = {EC0C45F3-C462-44A1-8997-A44E95F29891}
		{A4EB4017-5E33-47D2-993D-4295D0D65B0E} = {EC0C45F3-C462-44A1-8997-A44E95F29891}
	EndGlobalSection
EndGlobal
